hash: cf36471a1d6b5cbd8465496c5664826d83bd37845961fc97884286715a1be654
updated: 2018-03-30T10:46:43.547590158+11:00
imports:
- name: github.com/asaskevich/govalidator
  version: 4918b99a7cb949bb295f3c7bbaf24b577d806e35
- name: github.com/Azure/go-ansiterm
  version: d6e3b3328b783f23731bc4d058875b0371ff8109
  subpackages:
  - winterm
- name: github.com/cenkalti/backoff
  version: 2ea60e5f094469f9e65adb9cd103795b73ae743e
- name: github.com/containerd/continuity
  version: 3e8f2ea4b190484acb976a5b378d373429639a1a
  subpackages:
  - pathdriver
- name: github.com/davecgh/go-spew
  version: 6d212800a42e8ab5c146b8ace3490ee17e5225f9
  subpackages:
  - spew
- name: github.com/dgrijalva/jwt-go
  version: d2709f9f1f31ebcda9651b03077758c1f3a0018c
- name: github.com/docker/docker
  version: deed26f7f0f9a9d279b8ac99389f204d9063d1a4
  subpackages:
  - api/types
  - api/types/blkiodev
  - api/types/container
  - api/types/filters
  - api/types/mount
  - api/types/network
  - api/types/registry
  - api/types/strslice
  - api/types/swarm
  - api/types/swarm/runtime
  - api/types/versions
  - opts
  - pkg/archive
  - pkg/fileutils
  - pkg/homedir
  - pkg/idtools
  - pkg/ioutils
  - pkg/jsonmessage
  - pkg/longpath
  - pkg/mount
  - pkg/pools
  - pkg/stdcopy
  - pkg/system
  - pkg/term
  - pkg/term/windows
- name: github.com/docker/go-connections
  version: 7395e3f8aa162843a74ed6d48e79627d9792ac55
  subpackages:
  - nat
- name: github.com/docker/go-units
  version: 47565b4f722fb6ceae66b95f853feed578a4a51c
- name: github.com/fsnotify/fsnotify
  version: c2828203cd70a50dcccfb2761f8b1f8ceef9a8e9
- name: github.com/fsouza/go-dockerclient
  version: a911beed0ec24bc2e67836c5e8e08512fda03d25
- name: github.com/go-goracle/goracle
  version: e1f12d7271331ba42333d27f1e1976879e1fe358
- name: github.com/go-sql-driver/mysql
  version: a0583e0143b1624142adab07e0e97fe106d99561
- name: github.com/gogo/protobuf
  version: 49944b4a4b085da44c43d4b233ea40787396371f
  subpackages:
  - proto
- name: github.com/golang/protobuf
  version: e09c5db296004fbe3f74490e84dcd62c3c5ddb1b
  subpackages:
  - proto
- name: github.com/gorilla/context
  version: 1ea25387ff6f684839d82767c1733ff4d4d15d0a
- name: github.com/gorilla/securecookie
  version: e59506cc896acb7f7bf732d4fdf5e25f7ccd8983
- name: github.com/gorilla/sessions
  version: ca9ada44574153444b00d3fd9c8559e4cc95f896
- name: github.com/hashicorp/golang-lru
  version: 0fb14efe8c47ae851c0034ed7a448854d3d34cf3
  subpackages:
  - simplelru
- name: github.com/hashicorp/hcl
  version: f40e974e75af4e271d97ce0fc917af5898ae7bda
  subpackages:
  - hcl/ast
  - hcl/parser
  - hcl/printer
  - hcl/scanner
  - hcl/strconv
  - hcl/token
  - json/parser
  - json/scanner
  - json/token
- name: github.com/imdario/mergo
  version: 3e95a51e0639b4cf372f2ccf74c86749d747fbdc
- name: github.com/inconshreveable/mousetrap
  version: 76626ae9c91c4f2a10f34cad8ce83ea42c93bb75
- name: github.com/jehiah/go-strftime
  version: 834e15c05a45371503440cc195bbd05c9a0968d9
- name: github.com/jmoiron/sqlx
  version: cf35089a197953c69420c8d0cecda90809764b1d
  subpackages:
  - reflectx
- name: github.com/julienschmidt/httprouter
  version: 8c199fb6259ffc1af525cc3ad52ee60ba8359669
- name: github.com/lib/pq
  version: d34b9ff171c21ad295489235aec8b6626023cd04
  subpackages:
  - oid
- name: github.com/magiconair/properties
  version: 2c9e9502788518c97fe44e8955cd069417ee89df
- name: github.com/meatballhat/negroni-logrus
  version: 31067281800f66f57548a7a32d9c6c5f963fef83
- name: github.com/Microsoft/go-winio
  version: 7da180ee92d8bd8bb8c37fc560e673e6557c392f
- name: github.com/mitchellh/mapstructure
  version: 00c29f56e2386353d58c599509e8dc3801b0d716
- name: github.com/mohae/deepcopy
  version: c48cc78d482608239f6c4c92a4abd87eb8761c90
- name: github.com/moul/http2curl
  version: 9ac6cf4d929b2fa8fd2d2e6dec5bb0feb4f4911d
- name: github.com/Nvveen/Gotty
  version: cd527374f1e5bff4938207604a14f2e38a9cf512
- name: github.com/oleiade/reflections
  version: 2b6ec3da648e3e834dc41bad8d9ed7f2dc6a9496
- name: github.com/opencontainers/go-digest
  version: 279bed98673dd5bef374d3b6e4b09e2af76183bf
- name: github.com/opencontainers/image-spec
  version: 8e82844449a093ef49d824afad963a5e0a76b63b
  subpackages:
  - specs-go
  - specs-go/v1
- name: github.com/opencontainers/runc
  version: ec9bf5058614525576e60e210a4e645bbd4d8335
  subpackages:
  - libcontainer/system
  - libcontainer/user
- name: github.com/ory/dockertest
  version: 30c2496d1bbfbc267fa19b495ad7498b0309870b
- name: github.com/ory/fosite
  version: ef8f1757f0c26317fd7dbb46f66fde7516a3b4bb
  subpackages:
  - compose
  - handler/oauth2
  - handler/openid
  - storage
  - token/hmac
  - token/jwt
- name: github.com/ory/graceful
  version: 3d30c83329259f53a904d428b38d8cb8fba7bd77
- name: github.com/ory/herodot
  version: 5bb399b8a5aa583343a2108e723b990432b4a1b4
- name: github.com/ory/hydra-oracle-plugin
  version: 8d164bc2338664a68458e17bec94afcc0067ec69
  repo: https://github.com/cperfect/hydra-oracle-plugin.git
  vcs: git
  subpackages:
  - plugin
- name: github.com/ory/ladon
  version: 80ec7e047ca2806a4491df41d5e9a2ad73b936a0
  subpackages:
  - compiler
  - manager/memory
  - manager/sql
- name: github.com/pborman/uuid
  version: a97ce2ca70fa5a848076093f05e639a89ca34d06
- name: github.com/pelletier/go-toml
  version: 66540cf1fcd2c3aee6f6787dfa32a6ae9a870f12
- name: github.com/pkg/errors
  version: 645ef00459ed84a119197bfb8d8205042c6df63d
- name: github.com/pkg/profile
  version: 5b67d428864e92711fcbd2f8629456121a56d91f
- name: github.com/pmezard/go-difflib
  version: d8ed2627bdf02c080bf22230dbb337003b7aba2d
  subpackages:
  - difflib
- name: github.com/rubenv/sql-migrate
  version: 081fe17d19ff4e2dd9f5a0c1158e6bcf74da6906
  subpackages:
  - sqlparse
- name: github.com/segmentio/analytics-go
  version: 14d364c8bd0811f3ba36659e161c96a3ea309343
- name: github.com/segmentio/backo-go
  version: 204274ad699c0983a70203a566887f17a717fef4
- name: github.com/sirupsen/logrus
  version: 778f2e774c725116edbc3d039dc0dfc1cc62aae8
- name: github.com/Sirupsen/logrus
  version: 778f2e774c725116edbc3d039dc0dfc1cc62aae8
  repo: https://github.com/sirupsen/logrus.git
  vcs: git
- name: github.com/spf13/afero
  version: a880a37ed1804d98f64b3b7d58b5e3f8fbf421c4
  subpackages:
  - mem
- name: github.com/spf13/cast
  version: 8965335b8c7107321228e3e3702cab9832751bac
- name: github.com/spf13/cobra
  version: a1f051bc3eba734da4772d60e2d677f47cf93ef4
- name: github.com/spf13/jwalterweatherman
  version: 7c0cea34c8ece3fbeb2b27ab9b59511d360fb394
- name: github.com/spf13/pflag
  version: ad68c28ee799163e627e77fcc6e8ecaa866e3535
- name: github.com/spf13/viper
  version: b5e8006cbee93ec955a89ab31e0e3ce3204f3736
- name: github.com/square/go-jose
  version: 6e50787b7338112747e64f32753fb4f9dbfb8f79
  subpackages:
  - json
- name: github.com/stretchr/testify
  version: 69483b4bd14f5845b5a1e55bca19e954e827f1d0
  subpackages:
  - assert
  - require
- name: github.com/toqueteos/webbrowser
  version: 21fc9f95c83442fd164094666f7cb4f9fdd56cd6
- name: github.com/urfave/negroni
  version: fde5e16d32adc7ad637e9cd9ad21d4ebc6192535
- name: github.com/xtgo/uuid
  version: a0b114877d4caeffbd7f87e3757c17fce570fea7
- name: golang.org/x/crypto
  version: 88942b9c40a4c9d203b82b3731787b672d6e809b
  subpackages:
  - bcrypt
  - blowfish
  - ssh/terminal
- name: golang.org/x/net
  version: 6078986fec03a1dcc236c34816c71b0e05018fda
  subpackages:
  - context
  - context/ctxhttp
- name: golang.org/x/oauth2
  version: fdc9e635145ae97e6c2cb777c48305600cf515cb
  subpackages:
  - clientcredentials
  - internal
- name: golang.org/x/sync
  version: 1d60e4601c6fd243af51cc01ddf169918a5407ca
  subpackages:
  - errgroup
- name: golang.org/x/sys
  version: 378d26f46672a356c46195c28f61bdb4c0a781dd
  subpackages:
  - unix
  - windows
- name: golang.org/x/text
  version: ece95c760240037f89ebcbdd7155ac8cb52e38fa
  subpackages:
  - transform
  - unicode/norm
- name: google.golang.org/appengine
  version: ad39d7fab7c60b2493fdc318c3d2cdb2128f92a4
  subpackages:
  - internal
  - internal/base
  - internal/datastore
  - internal/log
  - internal/remote_api
  - internal/urlfetch
  - urlfetch
- name: gopkg.in/gorp.v1
  version: c87af80f3cc5036b55b83d77171e156791085e2e
- name: gopkg.in/rana/ora.v4
  version: 7a9ff49e7315c80623bc2b49c64fba1900e07209
  subpackages:
  - date
  - num
- name: gopkg.in/square/go-jose.v1
  version: 6e50787b7338112747e64f32753fb4f9dbfb8f79
  subpackages:
  - cipher
  - json
- name: gopkg.in/yaml.v2
  version: 5420a8b6744d3b0345ab293f6fcba19c978f1183
testImports:
- name: github.com/bmizerany/assert
  version: b7ed37b82869576c289d7d97fb2bbd8b64a0cb28
